<?xml version="1.0" encoding="utf-8"?>
<Solution>
  <Configurations>
    <Platform Name="Any CPU"/>
    <BuildType Name="Debug"/>
    <BuildType Name="Release"/>
  </Configurations>
  <Folder Name="Solution Items">
    <File Path=".gitattributes"/>
    <File Path=".gitignore"/>
    <File Path="AGENTS.json"/>
    <File Path="CONTRIBUTING.md"/>
    <File Path="CONTRIBUTING_zh-CN.md"/>
    <File Path="LICENSE"/>
    <File Path="README.md"/>
    <File Path="SECURITY.md"/>
  </Folder>
  <Folder Name="Agents">
    <Folder Name="administration">
      <File Path="administration/administration-contract-manager.md"/>
      <File Path="administration/administration-executive-assistant.md"/>
      <File Path="administration/administration-fleet-manager.md"/>
      <File Path="administration/administration-office-manager.md"/>
      <File Path="administration/administration-procurement.md"/>
      <File Path="administration/administration-records-management.md"/>
      <File Path="administration/administration-travel-manager.md"/>
    </Folder>
    <Folder Name="aerospace">
      <File Path="aerospace/aerospace-atc-specialist.md"/>
      <File Path="aerospace/aerospace-avionics.md"/>
      <File Path="aerospace/aerospace-director.md"/>
      <File Path="aerospace/aerospace-engineering-advanced-air-mobility.md"/>
      <File Path="aerospace/aerospace-engineering-aircraft-structures.md"/>
      <File Path="aerospace/aerospace-engineering-aviation-biofuels.md"/>
      <File Path="aerospace/aerospace-engineering-aviation-economics.md"/>
      <File Path="aerospace/aerospace-engineering-aviation-engineering.md"/>
      <File Path="aerospace/aerospace-engineering-aviation-human-factors.md"/>
      <File Path="aerospace/aerospace-engineering-aviation-maintenance.md"/>
      <File Path="aerospace/aerospace-engineering-aviation-pilot-training.md"/>
      <File Path="aerospace/aerospace-engineering-aviation-safety.md"/>
      <File Path="aerospace/aerospace-engineering-aviation-sustainability.md"/>
      <File Path="aerospace/aerospace-engineering-drone-engineer.md"/>
      <File Path="aerospace/aerospace-engineering-planetary-science.md"/>
      <File Path="aerospace/aerospace-engineering-satellite-operations.md"/>
      <File Path="aerospace/aerospace-engineering-spacecraft-gnc.md"/>
      <File Path="aerospace/aerospace-engineering-systems-aerospace.md"/>
      <File Path="aerospace/aerospace-flight-test-engineer.md"/>
      <File Path="aerospace/aerospace-propulsion.md"/>
      <File Path="aerospace/aerospace-satellite.md"/>
      <File Path="aerospace/aerospace-structures.md"/>
      <File Path="aerospace/aerospace-systems-engineer.md"/>
    </Folder>
    <Folder Name="agriculture">
      <File Path="agriculture/agriculture-agronomist.md"/>
      <File Path="agriculture/agriculture-economist.md"/>
      <File Path="agriculture/agriculture-engineering-aquaculture-fish.md"/>
      <File Path="agriculture/agriculture-engineering-iot-agriculture.md"/>
      <File Path="agriculture/agriculture-engineering-soil-science.md"/>
      <File Path="agriculture/agriculture-general-manager.md"/>
      <File Path="agriculture/agriculture-iot-engineer.md"/>
      <File Path="agriculture/agriculture-livestock-manager.md"/>
      <File Path="agriculture/agriculture-precision-farming.md"/>
      <File Path="agriculture/agriculture-quality-safety.md"/>
      <File Path="agriculture/agriculture-supply-chain.md"/>
      <File Path="agriculture/agriculture-sustainability.md"/>
    </Folder>
    <Folder Name="automotive">
      <File Path="automotive/automotive-adas-engineer.md"/>
      <File Path="automotive/automotive-autonomous-driving.md"/>
      <File Path="automotive/automotive-director.md"/>
      <File Path="automotive/automotive-engineering-automotive-cae.md"/>
      <File Path="automotive/automotive-engineering-automotive-engineer.md"/>
      <File Path="automotive/automotive-engineering-automotive-homologation-test.md"/>
      <File Path="automotive/automotive-engineering-automotive-lighting.md"/>
      <File Path="automotive/automotive-engineering-automotive-software.md"/>
      <File Path="automotive/automotive-engineering-automotive-systems.md"/>
      <File Path="automotive/automotive-engineering-automotive-thermal.md"/>
      <File Path="automotive/automotive-engineering-autonomous-optimization-architect.md"/>
      <File Path="automotive/automotive-engineering-battery-modeling.md"/>
      <File Path="automotive/automotive-engineering-electric-vehicle-aerodynamics.md"/>
      <File Path="automotive/automotive-engineering-ev-charging.md"/>
      <File Path="automotive/automotive-engineering-functional-safety.md"/>
      <File Path="automotive/automotive-engineering-vehicle-bus.md"/>
      <File Path="automotive/automotive-engineering-vehicle-dynamics.md"/>
      <File Path="automotive/automotive-ev-battery.md"/>
      <File Path="automotive/automotive-homologation.md"/>
      <File Path="automotive/automotive-nvh-engineer.md"/>
      <File Path="automotive/automotive-supply-chain.md"/>
      <File Path="automotive/automotive-vehicle-architecture.md"/>
    </Folder>
    <Folder Name="beauty">
      <File Path="beauty/beauty-formulation.md"/>
      <File Path="beauty/beauty-marketing.md"/>
      <File Path="beauty/beauty-product-manager.md"/>
    </Folder>
    <Folder Name="construction">
      <File Path="construction/construction-architectural-designer.md"/>
      <File Path="construction/construction-bim-engineer.md"/>
      <File Path="construction/construction-cost-estimator.md"/>
      <File Path="construction/construction-electrical.md"/>
      <File Path="construction/construction-engineering-acoustics-consultant.md"/>
      <File Path="construction/construction-engineering-acoustics-specialist.md"/>
      <File Path="construction/construction-engineering-bridge-structural.md"/>
      <File Path="construction/construction-engineering-civil-engineer.md"/>
      <File Path="construction/construction-engineering-construction-claims.md"/>
      <File Path="construction/construction-engineering-construction-materials.md"/>
      <File Path="construction/construction-engineering-cultural-heritage-digitization.md"/>
      <File Path="construction/construction-engineering-dam-engineering.md"/>
      <File Path="construction/construction-engineering-facade-engineering.md"/>
      <File Path="construction/construction-engineering-fire-dynamics.md"/>
      <File Path="construction/construction-engineering-geodesy-surveying.md"/>
      <File Path="construction/construction-engineering-geotechnical-earthquake.md"/>
      <File Path="construction/construction-engineering-green-building.md"/>
      <File Path="construction/construction-engineering-heritage-conservation.md"/>
      <File Path="construction/construction-engineering-hvac-automation.md"/>
      <File Path="construction/construction-engineering-industrial-refrigeration.md"/>
      <File Path="construction/construction-engineering-landscape-architecture.md"/>
      <File Path="construction/construction-engineering-noise-control.md"/>
      <File Path="construction/construction-engineering-piping-design.md"/>
      <File Path="construction/construction-engineering-rail-infrastructure.md"/>
      <File Path="construction/construction-engineering-rail-transit.md"/>
      <File Path="construction/construction-engineering-railway-systems-design.md"/>
      <File Path="construction/construction-engineering-rock-mechanics.md"/>
      <File Path="construction/construction-engineering-seismic-retrofit.md"/>
      <File Path="construction/construction-engineering-structural-analysis.md"/>
      <File Path="construction/construction-engineering-structural-fire.md"/>
      <File Path="construction/construction-engineering-tunnel-engineering.md"/>
      <File Path="construction/construction-engineering-urban-planning-design.md"/>
      <File Path="construction/construction-fire-protection.md"/>
      <File Path="construction/construction-geotechnical-engineer.md"/>
      <File Path="construction/construction-hvac.md"/>
      <File Path="construction/construction-low-voltage.md"/>
      <File Path="construction/construction-plumbing.md"/>
      <File Path="construction/construction-project-manager.md"/>
      <File Path="construction/construction-safety-officer.md"/>
      <File Path="construction/construction-surveyor.md"/>
    </Folder>
    <Folder Name="customer-service">
      <File Path="customer-service/customer-service-call-center.md"/>
      <File Path="customer-service/customer-service-chatbot-ai.md"/>
      <File Path="customer-service/customer-service-complaints.md"/>
      <File Path="customer-service/customer-service-customer-service.md"/>
      <File Path="customer-service/customer-service-hospitality-guest-services.md"/>
      <File Path="customer-service/customer-service-retail-customer-returns.md"/>
      <File Path="customer-service/customer-service-success-director.md"/>
      <File Path="customer-service/customer-service-success-manager.md"/>
      <File Path="customer-service/customer-service-support-responder.md"/>
      <File Path="customer-service/customer-service-ticketing.md"/>
      <File Path="customer-service/customer-service-voice-ai.md"/>
      <File Path="customer-service/customer-service-workforce-management.md"/>
    </Folder>
    <Folder Name="cybersecurity">
      <File Path="cybersecurity/cybersecurity-appsec-engineer.md"/>
      <File Path="cybersecurity/cybersecurity-blockchain-security-auditor.md"/>
      <File Path="cybersecurity/cybersecurity-bug-bounty-hunter.md"/>
      <File Path="cybersecurity/cybersecurity-chief-security-officer.md"/>
      <File Path="cybersecurity/cybersecurity-cloud-security-architect.md"/>
      <File Path="cybersecurity/cybersecurity-compliance-auditor.md"/>
      <File Path="cybersecurity/cybersecurity-devsecops-engineer.md"/>
      <File Path="cybersecurity/cybersecurity-digital-forensics.md"/>
      <File Path="cybersecurity/cybersecurity-engineering-biometric-engineer.md"/>
      <File Path="cybersecurity/cybersecurity-engineering-compliance-engineer.md"/>
      <File Path="cybersecurity/cybersecurity-engineering-cryptography-engineer.md"/>
      <File Path="cybersecurity/cybersecurity-engineering-customer-identity-access.md"/>
      <File Path="cybersecurity/cybersecurity-engineering-cyber-risk-model.md"/>
      <File Path="cybersecurity/cybersecurity-engineering-cybersecurity-risk.md"/>
      <File Path="cybersecurity/cybersecurity-engineering-data-privacy-architect.md"/>
      <File Path="cybersecurity/cybersecurity-engineering-endpoint-forensics.md"/>
      <File Path="cybersecurity/cybersecurity-engineering-firmware-security.md"/>
      <File Path="cybersecurity/cybersecurity-engineering-forensic-analyst.md"/>
      <File Path="cybersecurity/cybersecurity-engineering-hardware-security.md"/>
      <File Path="cybersecurity/cybersecurity-engineering-network-security.md"/>
      <File Path="cybersecurity/cybersecurity-engineering-privacy-engineer.md"/>
      <File Path="cybersecurity/cybersecurity-engineering-security-architect-cloud.md"/>
      <File Path="cybersecurity/cybersecurity-engineering-security-champion.md"/>
      <File Path="cybersecurity/cybersecurity-engineering-security-engineer.md"/>
      <File Path="cybersecurity/cybersecurity-engineering-threat-detection-engineer.md"/>
      <File Path="cybersecurity/cybersecurity-fortinet-expert.md"/>
      <File Path="cybersecurity/cybersecurity-grc-specialist.md"/>
      <File Path="cybersecurity/cybersecurity-incident-response.md"/>
      <File Path="cybersecurity/cybersecurity-malware-analyst.md"/>
      <File Path="cybersecurity/cybersecurity-paloalto-expert.md"/>
      <File Path="cybersecurity/cybersecurity-penetration-tester.md"/>
      <File Path="cybersecurity/cybersecurity-security-architect.md"/>
      <File Path="cybersecurity/cybersecurity-soc-analyst.md"/>
      <File Path="cybersecurity/cybersecurity-threat-intelligence.md"/>
      <File Path="cybersecurity/cybersecurity-wireshark-expert.md"/>
    </Folder>
    <Folder Name="data-science">
      <File Path="data-science/data-science-bi-analyst.md"/>
      <File Path="data-science/data-science-causal-inference.md"/>
      <File Path="data-science/data-science-consolidation-agent.md"/>
      <File Path="data-science/data-science-data-engineer.md"/>
      <File Path="data-science/data-science-data-scientist-zh.md"/>
      <File Path="data-science/data-science-data-scientist.md"/>
      <File Path="data-science/data-science-director.md"/>
      <File Path="data-science/data-science-engineering-bi-engineer.md"/>
      <File Path="data-science/data-science-engineering-big-data-engineer.md"/>
      <File Path="data-science/data-science-engineering-computer-vision-3d.md"/>
      <File Path="data-science/data-science-engineering-computer-vision-deep.md"/>
      <File Path="data-science/data-science-engineering-computer-vision-expert.md"/>
      <File Path="data-science/data-science-engineering-customer-data-science.md"/>
      <File Path="data-science/data-science-engineering-data-analytics-engineer.md"/>
      <File Path="data-science/data-science-engineering-data-engineer.md"/>
      <File Path="data-science/data-science-engineering-data-governance-expert.md"/>
      <File Path="data-science/data-science-engineering-data-lakes-warehouse.md"/>
      <File Path="data-science/data-science-engineering-data-lineage.md"/>
      <File Path="data-science/data-science-engineering-data-warehouse-expert.md"/>
      <File Path="data-science/data-science-engineering-deep-learning-training.md"/>
      <File Path="data-science/data-science-engineering-etl-expert.md"/>
      <File Path="data-science/data-science-engineering-insurance-claims-analytics.md"/>
      <File Path="data-science/data-science-engineering-knowledge-management.md"/>
      <File Path="data-science/data-science-engineering-language-model-nlp.md"/>
      <File Path="data-science/data-science-engineering-llm-training-expert.md"/>
      <File Path="data-science/data-science-engineering-mlops-engineer.md"/>
      <File Path="data-science/data-science-engineering-mlops-platform.md"/>
      <File Path="data-science/data-science-engineering-nlp-expert.md"/>
      <File Path="data-science/data-science-engineering-optical-character-recognition.md"/>
      <File Path="data-science/data-science-engineering-process-mining.md"/>
      <File Path="data-science/data-science-engineering-prompt-engineer.md"/>
      <File Path="data-science/data-science-engineering-rag-architect.md"/>
      <File Path="data-science/data-science-engineering-reinforcement-learning.md"/>
      <File Path="data-science/data-science-engineering-sports-analytics.md"/>
      <File Path="data-science/data-science-engineering-streaming-data-engineer.md"/>
      <File Path="data-science/data-science-engineering-vector-database-expert.md"/>
      <File Path="data-science/data-science-engineering-video-analytics.md"/>
      <File Path="data-science/data-science-engineering-web-analytics.md"/>
      <File Path="data-science/data-science-experimentation.md"/>
      <File Path="data-science/data-science-feature-store.md"/>
      <File Path="data-science/data-science-huggingface-expert.md"/>
      <File Path="data-science/data-science-lora-expert.md"/>
      <File Path="data-science/data-science-ml-engineer.md"/>
      <File Path="data-science/data-science-ml-researcher.md"/>
      <File Path="data-science/data-science-model-qa.md"/>
      <File Path="data-science/data-science-vector-db-architect.md"/>
    </Folder>
    <Folder Name="design">
      <File Path="design/design-brand-guardian.md"/>
      <File Path="design/design-cultural-intelligence-strategist.md"/>
      <File Path="design/design-director.md"/>
      <File Path="design/design-engineering-accessibility-engineer.md"/>
      <File Path="design/design-engineering-human-factors.md"/>
      <File Path="design/design-engineering-quant-ux-researcher.md"/>
      <File Path="design/design-engineering-user-research-system.md"/>
      <File Path="design/design-engineering-ux-auditor.md"/>
      <File Path="design/design-engineering-ux-content-strategy.md"/>
      <File Path="design/design-engineering-ux-engineer.md"/>
      <File Path="design/design-engineering-ux-research-ops.md"/>
      <File Path="design/design-engineering-ux-writer.md"/>
      <File Path="design/design-figma-expert.md"/>
      <File Path="design/design-image-prompt-engineer.md"/>
      <File Path="design/design-inclusive-visuals-specialist.md"/>
      <File Path="design/design-motion-designer.md"/>
      <File Path="design/design-persona-walkthrough.md"/>
      <File Path="design/design-researcher.md"/>
      <File Path="design/design-ui-designer.md"/>
      <File Path="design/design-ux-architect.md"/>
      <File Path="design/design-ux-researcher.md"/>
      <File Path="design/design-visual-storyteller.md"/>
      <File Path="design/design-whimsy-injector.md"/>
    </Folder>
    <Folder Name="education">
      <File Path="education/education-academic-anthropologist.md"/>
      <File Path="education/education-academic-dean.md"/>
      <File Path="education/education-academic-geographer.md"/>
      <File Path="education/education-academic-historian.md"/>
      <File Path="education/education-academic-narratologist.md"/>
      <File Path="education/education-academic-psychologist.md"/>
      <File Path="education/education-academic-research-scientist.md"/>
      <File Path="education/education-assessment-specialist.md"/>
      <File Path="education/education-curriculum-designer.md"/>
      <File Path="education/education-director.md"/>
      <File Path="education/education-instructional-technologist.md"/>
      <File Path="education/education-online-learning-designer.md"/>
      <File Path="education/education-school-administrator.md"/>
      <File Path="education/education-special-needs.md"/>
      <File Path="education/education-study-abroad-advisor.md"/>
      <File Path="education/education-teacher.md"/>
      <File Path="education/education-vocational-trainer.md"/>
    </Folder>
    <Folder Name="emergency">
      <File Path="emergency/emergency-disaster-response.md"/>
      <File Path="emergency/emergency-ems.md"/>
      <File Path="emergency/emergency-fire-chief.md"/>
      <File Path="emergency/emergency-search-rescue.md"/>
    </Folder>
    <Folder Name="energy">
      <File Path="energy/energy-carbon-accountant.md"/>
      <File Path="energy/energy-carbon-market.md"/>
      <File Path="energy/energy-director.md"/>
      <File Path="energy/energy-engineering-battery-recycling.md"/>
      <File Path="energy/energy-engineering-carbon-capture-storage.md"/>
      <File Path="energy/energy-engineering-cryogenic-engineering.md"/>
      <File Path="energy/energy-engineering-energy-expert.md"/>
      <File Path="energy/energy-engineering-energy-storage-materials-sci.md"/>
      <File Path="energy/energy-engineering-geothermal-reservoir.md"/>
      <File Path="energy/energy-engineering-grid-forming-inverter.md"/>
      <File Path="energy/energy-engineering-grid-modernization.md"/>
      <File Path="energy/energy-engineering-grid-scale-storage.md"/>
      <File Path="energy/energy-engineering-hydrogen-fuel-cell.md"/>
      <File Path="energy/energy-engineering-hydrogen-storage.md"/>
      <File Path="energy/energy-engineering-marine-corrosion.md"/>
      <File Path="energy/energy-engineering-maritime-engineering.md"/>
      <File Path="energy/energy-engineering-nuclear-decommissioning.md"/>
      <File Path="energy/energy-engineering-offshore-wind.md"/>
      <File Path="energy/energy-engineering-oil-gas-processing.md"/>
      <File Path="energy/energy-engineering-petroleum-drilling.md"/>
      <File Path="energy/energy-engineering-petroleum-geology.md"/>
      <File Path="energy/energy-engineering-petroleum-reservoir.md"/>
      <File Path="energy/energy-engineering-power-electronics-packaging.md"/>
      <File Path="energy/energy-engineering-power-electronics.md"/>
      <File Path="energy/energy-engineering-power-systems.md"/>
      <File Path="energy/energy-engineering-process-safety.md"/>
      <File Path="energy/energy-engineering-pv-solar-cell.md"/>
      <File Path="energy/energy-engineering-small-modular-reactor.md"/>
      <File Path="energy/energy-engineering-subsea-offshore.md"/>
      <File Path="energy/energy-engineering-thermal-engineer.md"/>
      <File Path="energy/energy-engineering-thermal-hydraulics.md"/>
      <File Path="energy/energy-engineering-tidal-energy.md"/>
      <File Path="energy/energy-engineering-waste-to-energy.md"/>
      <File Path="energy/energy-engineering-wind-energy.md"/>
      <File Path="energy/energy-geothermal-engineer.md"/>
      <File Path="energy/energy-grid-engineer.md"/>
      <File Path="energy/energy-nuclear-engineer.md"/>
      <File Path="energy/energy-renewable-analyst.md"/>
      <File Path="energy/energy-storage-engineer.md"/>
      <File Path="energy/energy-trading-strategist.md"/>
    </Folder>
    <Folder Name="engineering">
      <File Path="engineering/engineering-ai-agent-developer.md"/>
      <File Path="engineering/engineering-ai-data-remediation-engineer.md"/>
      <File Path="engineering/engineering-ai-engineer.md"/>
      <File Path="engineering/engineering-ai-ethics.md"/>
      <File Path="engineering/engineering-ai-observability-expert.md"/>
      <File Path="engineering/engineering-ai-product-manager.md"/>
      <File Path="engineering/engineering-ai-safety-expert.md"/>
      <File Path="engineering/engineering-android-developer.md"/>
      <File Path="engineering/engineering-android-framework.md"/>
      <File Path="engineering/engineering-api-designer.md"/>
      <File Path="engineering/engineering-backend-architect.md"/>
      <File Path="engineering/engineering-build-release-engineer.md"/>
      <File Path="engineering/engineering-chaos-engineer.md"/>
      <File Path="engineering/engineering-cms-developer.md"/>
      <File Path="engineering/engineering-code-reviewer.md"/>
      <File Path="engineering/engineering-codebase-onboarding-engineer.md"/>
      <File Path="engineering/engineering-computer-graphics.md"/>
      <File Path="engineering/engineering-container-orchestration.md"/>
      <File Path="engineering/engineering-cross-platform.md"/>
      <File Path="engineering/engineering-database-administrator.md"/>
      <File Path="engineering/engineering-database-optimizer.md"/>
      <File Path="engineering/engineering-developer-advocate.md"/>
      <File Path="engineering/engineering-developer-experience.md"/>
      <File Path="engineering/engineering-developer-relations.md"/>
      <File Path="engineering/engineering-drupal-shopping-cart.md"/>
      <File Path="engineering/engineering-ecommerce-platform.md"/>
      <File Path="engineering/engineering-education-technology.md"/>
      <File Path="engineering/engineering-electron-developer.md"/>
      <File Path="engineering/engineering-email-intelligence-engineer.md"/>
      <File Path="engineering/engineering-erp-implementer.md"/>
      <File Path="engineering/engineering-fastapi-expert.md"/>
      <File Path="engineering/engineering-feishu-integration-developer.md"/>
      <File Path="engineering/engineering-filament-optimization-specialist.md"/>
      <File Path="engineering/engineering-fintech-engineer.md"/>
      <File Path="engineering/engineering-flutter-developer.md"/>
      <File Path="engineering/engineering-frontend-developer.md"/>
      <File Path="engineering/engineering-fullstack-developer.md"/>
      <File Path="engineering/engineering-git-workflow-master.md"/>
      <File Path="engineering/engineering-gpu-architect.md"/>
      <File Path="engineering/engineering-graph-database.md"/>
      <File Path="engineering/engineering-graphql-expert.md"/>
      <File Path="engineering/engineering-humanitarian-engineering.md"/>
      <File Path="engineering/engineering-i18n-l10n.md"/>
      <File Path="engineering/engineering-innovation-manager.md"/>
      <File Path="engineering/engineering-insurance-technology.md"/>
      <File Path="engineering/engineering-ios-developer.md"/>
      <File Path="engineering/engineering-ios-system.md"/>
      <File Path="engineering/engineering-it-service-manager.md"/>
      <File Path="engineering/engineering-langchain-expert.md"/>
      <File Path="engineering/engineering-llamaindex-expert.md"/>
      <File Path="engineering/engineering-llm-inference-expert.md"/>
      <File Path="engineering/engineering-lowcode-expert.md"/>
      <File Path="engineering/engineering-lsp-index-engineer.md"/>
      <File Path="engineering/engineering-mcp-builder.md"/>
      <File Path="engineering/engineering-microservices-architect.md"/>
      <File Path="engineering/engineering-minimal-change-engineer.md"/>
      <File Path="engineering/engineering-mobile-app-builder.md"/>
      <File Path="engineering/engineering-mobile-architect.md"/>
      <File Path="engineering/engineering-mongodb-expert.md"/>
      <File Path="engineering/engineering-multi-agent-systems-architect.md"/>
      <File Path="engineering/engineering-network-engineer.md"/>
      <File Path="engineering/engineering-nextjs-expert.md"/>
      <File Path="engineering/engineering-nocode-developer.md"/>
      <File Path="engineering/engineering-orgscript-engineer.md"/>
      <File Path="engineering/engineering-payment-systems.md"/>
      <File Path="engineering/engineering-postgres-specialist.md"/>
      <File Path="engineering/engineering-programming-language.md"/>
      <File Path="engineering/engineering-prompt-engineer.md"/>
      <File Path="engineering/engineering-quantum-computing.md"/>
      <File Path="engineering/engineering-racial-equity.md"/>
      <File Path="engineering/engineering-rapid-prototyper.md"/>
      <File Path="engineering/engineering-reactive-systems.md"/>
      <File Path="engineering/engineering-reactnative-expert.md"/>
      <File Path="engineering/engineering-realtime-systems.md"/>
      <File Path="engineering/engineering-retail-technology.md"/>
      <File Path="engineering/engineering-salesforce-architect.md"/>
      <File Path="engineering/engineering-senior-developer.md"/>
      <File Path="engineering/engineering-sitecore-developer.md"/>
      <File Path="engineering/engineering-social-media-platform.md"/>
      <File Path="engineering/engineering-software-architect.md"/>
      <File Path="engineering/engineering-standards-compliance.md"/>
      <File Path="engineering/engineering-swiftui-expert.md"/>
      <File Path="engineering/engineering-systems-integrator.md"/>
      <File Path="engineering/engineering-technical-writer.md"/>
      <File Path="engineering/engineering-visual-studio-cpp.md"/>
      <File Path="engineering/engineering-visual-studio-dotnet-csharp.md"/>
      <File Path="engineering/engineering-visual-studio-python.md"/>
      <File Path="engineering/engineering-visual-studio-web-aspnet.md"/>
      <File Path="engineering/engineering-voice-ai-integration-engineer.md"/>
      <File Path="engineering/engineering-webassembly-expert.md"/>
      <File Path="engineering/engineering-wechat-mini-program-developer.md"/>
      <File Path="engineering/engineering-wordpress-shopping-cart.md"/>
    </Folder>
    <Folder Name="environmental">
      <File Path="environmental/environmental-carbon-management.md"/>
      <File Path="environmental/environmental-climate-analyst.md"/>
      <File Path="environmental/environmental-director.md"/>
      <File Path="environmental/environmental-ecology-restoration.md"/>
      <File Path="environmental/environmental-engineering-advanced-oxidation.md"/>
      <File Path="environmental/environmental-engineering-air-quality.md"/>
      <File Path="environmental/environmental-engineering-aquifer-recharge.md"/>
      <File Path="environmental/environmental-engineering-bioacoustics.md"/>
      <File Path="environmental/environmental-engineering-biodegradable-plastics.md"/>
      <File Path="environmental/environmental-engineering-circular-economy.md"/>
      <File Path="environmental/environmental-engineering-climate-tech.md"/>
      <File Path="environmental/environmental-engineering-coastal-erosion.md"/>
      <File Path="environmental/environmental-engineering-coastal-marine.md"/>
      <File Path="environmental/environmental-engineering-coastal-resilience.md"/>
      <File Path="environmental/environmental-engineering-desalination-water.md"/>
      <File Path="environmental/environmental-engineering-ecosystem-restoration.md"/>
      <File Path="environmental/environmental-engineering-gis-remote-sensing.md"/>
      <File Path="environmental/environmental-engineering-hydrology-water.md"/>
      <File Path="environmental/environmental-engineering-industrial-hygiene.md"/>
      <File Path="environmental/environmental-engineering-oil-spill-response.md"/>
      <File Path="environmental/environmental-engineering-packaging-sustainability.md"/>
      <File Path="environmental/environmental-engineering-paleontology-stratigraphy.md"/>
      <File Path="environmental/environmental-engineering-sewage-treatment.md"/>
      <File Path="environmental/environmental-engineering-snow-avalanche.md"/>
      <File Path="environmental/environmental-engineering-sustainable-chemistry.md"/>
      <File Path="environmental/environmental-engineering-waste-management.md"/>
      <File Path="environmental/environmental-engineering-water-resources.md"/>
      <File Path="environmental/environmental-engineering-weather-climate.md"/>
      <File Path="environmental/environmental-engineering-weather-forecast.md"/>
      <File Path="environmental/environmental-gis-analyst.md"/>
      <File Path="environmental/environmental-monitoring-engineer.md"/>
      <File Path="environmental/environmental-renewable-energy.md"/>
      <File Path="environmental/environmental-water-treatment.md"/>
    </Folder>
    <Folder Name="events">
      <File Path="events/events-conference.md"/>
      <File Path="events/events-planner.md"/>
      <File Path="events/events-sponsorship.md"/>
      <File Path="events/events-wedding.md"/>
    </Folder>
    <Folder Name="fashion">
      <File Path="fashion/fashion-brand-manager.md"/>
      <File Path="fashion/fashion-designer.md"/>
      <File Path="fashion/fashion-merchandiser.md"/>
      <File Path="fashion/fashion-sustainability.md"/>
    </Folder>
    <Folder Name="finance">
      <File Path="finance/finance-accounts-payable-agent.md"/>
      <File Path="finance/finance-accounts-payable-manager.md"/>
      <File Path="finance/finance-accounts-receivable.md"/>
      <File Path="finance/finance-actuary.md"/>
      <File Path="finance/finance-auditor.md"/>
      <File Path="finance/finance-bank-relationship.md"/>
      <File Path="finance/finance-bookkeeper-controller.md"/>
      <File Path="finance/finance-capital-markets-analyst.md"/>
      <File Path="finance/finance-cfo.md"/>
      <File Path="finance/finance-cost-accountant.md"/>
      <File Path="finance/finance-credit-analyst.md"/>
      <File Path="finance/finance-data-analyst.md"/>
      <File Path="finance/finance-engineering-credit-risk-model.md"/>
      <File Path="finance/finance-engineering-forensic-accounting.md"/>
      <File Path="finance/finance-engineering-infrastructure-finance.md"/>
      <File Path="finance/finance-engineering-risk-quant.md"/>
      <File Path="finance/finance-engineering-tax-incentives.md"/>
      <File Path="finance/finance-esg-analyst.md"/>
      <File Path="finance/finance-financial-analyst.md"/>
      <File Path="finance/finance-financial-controller.md"/>
      <File Path="finance/finance-fpa-analyst.md"/>
      <File Path="finance/finance-insurance-underwriter.md"/>
      <File Path="finance/finance-internal-auditor.md"/>
      <File Path="finance/finance-investment-researcher.md"/>
      <File Path="finance/finance-ipo-advisor.md"/>
      <File Path="finance/finance-loan-officer-assistant.md"/>
      <File Path="finance/finance-mergers-acquisitions.md"/>
      <File Path="finance/finance-payroll-manager.md"/>
      <File Path="finance/finance-personal-advisor.md"/>
      <File Path="finance/finance-quant-trader.md"/>
      <File Path="finance/finance-risk-manager.md"/>
      <File Path="finance/finance-tax-strategist.md"/>
      <File Path="finance/finance-transfer-pricing.md"/>
      <File Path="finance/finance-treasury.md"/>
      <File Path="finance/finance-wealth-manager.md"/>
      <File Path="finance/finance-web3-analyst.md"/>
    </Folder>
    <Folder Name="food-beverage">
      <File Path="food-beverage/food-beverage-beverage-rd.md"/>
      <File Path="food-beverage/food-beverage-culinary-innovation.md"/>
      <File Path="food-beverage/food-beverage-director.md"/>
      <File Path="food-beverage/food-beverage-engineering-alt-protein.md"/>
      <File Path="food-beverage/food-beverage-engineering-beverage-brewing.md"/>
      <File Path="food-beverage/food-beverage-engineering-cosmetics-science.md"/>
      <File Path="food-beverage/food-beverage-engineering-food-fermentation.md"/>
      <File Path="food-beverage/food-beverage-engineering-food-packaging.md"/>
      <File Path="food-beverage/food-beverage-engineering-food-process.md"/>
      <File Path="food-beverage/food-beverage-engineering-food-sensory.md"/>
      <File Path="food-beverage/food-beverage-food-product-developer.md"/>
      <File Path="food-beverage/food-beverage-food-safety.md"/>
      <File Path="food-beverage/food-beverage-food-scientist.md"/>
      <File Path="food-beverage/food-beverage-food-supply-chain-traceability.md"/>
      <File Path="food-beverage/food-beverage-food-supply-chain.md"/>
    </Folder>
    <Folder Name="forestry">
      <File Path="forestry/forestry-conservation.md"/>
      <File Path="forestry/forestry-manager.md"/>
      <File Path="forestry/forestry-timber-supply.md"/>
    </Folder>
    <Folder Name="gis">
      <File Path="gis/gis-3d-scene-developer.md"/>
      <File Path="gis/gis-analyst.md"/>
      <File Path="gis/gis-bim-specialist.md"/>
      <File Path="gis/gis-cartography-designer.md"/>
      <File Path="gis/gis-drone-reality-mapping.md"/>
      <File Path="gis/gis-geoai-ml-engineer.md"/>
      <File Path="gis/gis-geoprocessing-specialist.md"/>
      <File Path="gis/gis-qa-engineer.md"/>
      <File Path="gis/gis-solution-engineer.md"/>
      <File Path="gis/gis-spatial-data-engineer.md"/>
      <File Path="gis/gis-spatial-data-scientist.md"/>
      <File Path="gis/gis-technical-consultant.md"/>
      <File Path="gis/gis-web-gis-developer.md"/>
    </Folder>
    <Folder Name="game-development">
      <File Path="game-development/game-development-engineering-video-game-backend.md"/>
      <File Path="game-development/game-development-game-audio-engineer.md"/>
      <File Path="game-development/game-development-game-designer.md"/>
      <File Path="game-development/game-development-game-monetization-designer.md"/>
      <File Path="game-development/game-development-game-producer.md"/>
      <File Path="game-development/game-development-game-quality-assurance.md"/>
      <File Path="game-development/game-development-level-designer.md"/>
      <File Path="game-development/game-development-narrative-designer.md"/>
      <File Path="game-development/game-development-technical-artist.md"/>
    </Folder>
    <Folder Name="blender">
      <File Path="game-development/blender/blender-addon-engineer.md"/>
    </Folder>
    <Folder Name="godot">
      <File Path="game-development/godot/godot-gameplay-scripter.md"/>
      <File Path="game-development/godot/godot-multiplayer-engineer.md"/>
      <File Path="game-development/godot/godot-shader-developer.md"/>
    </Folder>
    <Folder Name="roblox-studio">
      <File Path="game-development/roblox-studio/roblox-studio-roblox-avatar-creator.md"/>
      <File Path="game-development/roblox-studio/roblox-studio-roblox-experience-designer.md"/>
      <File Path="game-development/roblox-studio/roblox-studio-roblox-systems-scripter.md"/>
    </Folder>
    <Folder Name="unity">
      <File Path="game-development/unity/unity-architect.md"/>
      <File Path="game-development/unity/unity-editor-tool-developer.md"/>
      <File Path="game-development/unity/unity-multiplayer-engineer.md"/>
      <File Path="game-development/unity/unity-shader-graph-artist.md"/>
    </Folder>
    <Folder Name="unreal-engine">
      <File Path="game-development/unreal-engine/unreal-engine-unreal-multiplayer-architect.md"/>
      <File Path="game-development/unreal-engine/unreal-engine-unreal-systems-engineer.md"/>
      <File Path="game-development/unreal-engine/unreal-engine-unreal-technical-artist.md"/>
      <File Path="game-development/unreal-engine/unreal-engine-unreal-world-builder.md"/>
    </Folder>
    <Folder Name="government">
      <File Path="government/government-digital-presales-consultant.md"/>
      <File Path="government/government-digital-transformation.md"/>
      <File Path="government/government-gr-expert.md"/>
      <File Path="government/government-policy-analyst.md"/>
      <File Path="government/government-procurement.md"/>
      <File Path="government/government-public-administration.md"/>
      <File Path="government/government-public-affairs.md"/>
      <File Path="government/government-public-safety-analyst.md"/>
      <File Path="government/government-smart-city.md"/>
      <File Path="government/government-urban-planner.md"/>
    </Folder>
    <Folder Name="healthcare">
      <File Path="healthcare/healthcare-anesthesiologist.md"/>
      <File Path="healthcare/healthcare-clinical-physician.md"/>
      <File Path="healthcare/healthcare-customer-service.md"/>
      <File Path="healthcare/healthcare-dentist.md"/>
      <File Path="healthcare/healthcare-emergency-medicine.md"/>
      <File Path="healthcare/healthcare-engineering-3d-bioprinting.md"/>
      <File Path="healthcare/healthcare-engineering-biomaterials-tissue.md"/>
      <File Path="healthcare/healthcare-engineering-biomedical-engineer.md"/>
      <File Path="healthcare/healthcare-engineering-biostatistics-clinical.md"/>
      <File Path="healthcare/healthcare-engineering-biotech-process.md"/>
      <File Path="healthcare/healthcare-engineering-clinical-research.md"/>
      <File Path="healthcare/healthcare-engineering-cold-chain-pharma.md"/>
      <File Path="healthcare/healthcare-engineering-cryo-electron-microscopy.md"/>
      <File Path="healthcare/healthcare-engineering-gene-editing-crispr.md"/>
      <File Path="healthcare/healthcare-engineering-gene-therapy.md"/>
      <File Path="healthcare/healthcare-engineering-genomics-bioinformatics.md"/>
      <File Path="healthcare/healthcare-engineering-medical-device-software.md"/>
      <File Path="healthcare/healthcare-engineering-medical-imaging-ai.md"/>
      <File Path="healthcare/healthcare-engineering-medical-robotics.md"/>
      <File Path="healthcare/healthcare-engineering-microbiome-research.md"/>
      <File Path="healthcare/healthcare-engineering-molecular-diagnostics.md"/>
      <File Path="healthcare/healthcare-engineering-neurotechnology.md"/>
      <File Path="healthcare/healthcare-engineering-nuclear-medicine.md"/>
      <File Path="healthcare/healthcare-engineering-optometry-ophthalmic.md"/>
      <File Path="healthcare/healthcare-engineering-peptide-therapeutics.md"/>
      <File Path="healthcare/healthcare-engineering-pharmacoeconomics.md"/>
      <File Path="healthcare/healthcare-engineering-pharmacovigilance.md"/>
      <File Path="healthcare/healthcare-engineering-phenomics-phenotyping.md"/>
      <File Path="healthcare/healthcare-engineering-prosthetics-orthotics.md"/>
      <File Path="healthcare/healthcare-engineering-regulatory-science.md"/>
      <File Path="healthcare/healthcare-engineering-sewage-epidemiology.md"/>
      <File Path="healthcare/healthcare-engineering-synthetic-biology.md"/>
      <File Path="healthcare/healthcare-engineering-systems-biology.md"/>
      <File Path="healthcare/healthcare-engineering-veterinary-medicine.md"/>
      <File Path="healthcare/healthcare-fitness-coach.md"/>
      <File Path="healthcare/healthcare-hospital-administrator.md"/>
      <File Path="healthcare/healthcare-hospital-ceo.md"/>
      <File Path="healthcare/healthcare-marketing-compliance.md"/>
      <File Path="healthcare/healthcare-mental-health.md"/>
      <File Path="healthcare/healthcare-nurse.md"/>
      <File Path="healthcare/healthcare-nutritionist.md"/>
      <File Path="healthcare/healthcare-obstetrician.md"/>
      <File Path="healthcare/healthcare-pediatrician.md"/>
      <File Path="healthcare/healthcare-pharmacist.md"/>
      <File Path="healthcare/healthcare-physiotherapist.md"/>
      <File Path="healthcare/healthcare-psychologist.md"/>
      <File Path="healthcare/healthcare-radiologist.md"/>
      <File Path="healthcare/healthcare-surgeon.md"/>
      <File Path="healthcare/healthcare-tcm-practitioner.md"/>
      <File Path="healthcare/healthcare-veterinarian.md"/>
    </Folder>
    <Folder Name="hr">
      <File Path="hr/hr-business-partner.md"/>
      <File Path="hr/hr-compensation-benefits.md"/>
      <File Path="hr/hr-corporate-training-designer.md"/>
      <File Path="hr/hr-director.md"/>
      <File Path="hr/hr-employee-relations.md"/>
      <File Path="hr/hr-hris.md"/>
      <File Path="hr/hr-labor-relations.md"/>
      <File Path="hr/hr-onboarding.md"/>
      <File Path="hr/hr-organization-development.md"/>
      <File Path="hr/hr-people-analytics.md"/>
      <File Path="hr/hr-performance-management.md"/>
      <File Path="hr/hr-recruitment-specialist.md"/>
      <File Path="hr/hr-talent-acquisition-manager.md"/>
      <File Path="hr/hr-workforce-planning.md"/>
      <File Path="hr/hr-workplace-wellness.md"/>
    </Folder>
    <Folder Name="hr-tech">
      <File Path="hr-tech/hr-tech-hrtech-ats-specialist.md"/>
      <File Path="hr-tech/hr-tech-hrtech-ex-designer.md"/>
      <File Path="hr-tech/hr-tech-hrtech-people-analytics.md"/>
    </Folder>
    <Folder Name="infrastructure">
      <File Path="infrastructure/infrastructure-aliyun-architect.md"/>
      <File Path="infrastructure/infrastructure-ansible-expert.md"/>
      <File Path="infrastructure/infrastructure-apache-httpd-expert.md"/>
      <File Path="infrastructure/infrastructure-argocd-expert.md"/>
      <File Path="infrastructure/infrastructure-aruba-network.md"/>
      <File Path="infrastructure/infrastructure-aws-architect.md"/>
      <File Path="infrastructure/infrastructure-backup-admin.md"/>
      <File Path="infrastructure/infrastructure-brother-printer-expert.md"/>
      <File Path="infrastructure/infrastructure-cable-management.md"/>
      <File Path="infrastructure/infrastructure-cacti-expert.md"/>
      <File Path="infrastructure/infrastructure-canon-printer-expert.md"/>
      <File Path="infrastructure/infrastructure-cisco-network.md"/>
      <File Path="infrastructure/infrastructure-cloud-cost-optimization.md"/>
      <File Path="infrastructure/infrastructure-cmdb-configuration.md"/>
      <File Path="infrastructure/infrastructure-cybersecurity-analyst.md"/>
      <File Path="infrastructure/infrastructure-dahua-server.md"/>
      <File Path="infrastructure/infrastructure-dahua-surveillance.md"/>
      <File Path="infrastructure/infrastructure-data-center-network.md"/>
      <File Path="infrastructure/infrastructure-data-center.md"/>
      <File Path="infrastructure/infrastructure-datadog-expert.md"/>
      <File Path="infrastructure/infrastructure-dell-server.md"/>
      <File Path="infrastructure/infrastructure-desktop-support-engineer.md"/>
      <File Path="infrastructure/infrastructure-devops-platform.md"/>
      <File Path="infrastructure/infrastructure-digital-workplace.md"/>
      <File Path="infrastructure/infrastructure-docker-expert.md"/>
      <File Path="infrastructure/infrastructure-elk-expert.md"/>
      <File Path="infrastructure/infrastructure-engineering-bios-uefi.md"/>
      <File Path="infrastructure/infrastructure-engineering-cicd-engineer.md"/>
      <File Path="infrastructure/infrastructure-engineering-cloud-architect.md"/>
      <File Path="infrastructure/infrastructure-engineering-cloud-finops.md"/>
      <File Path="infrastructure/infrastructure-engineering-cloud-migration.md"/>
      <File Path="infrastructure/infrastructure-engineering-cloud-native.md"/>
      <File Path="infrastructure/infrastructure-engineering-container-orchestrator.md"/>
      <File Path="infrastructure/infrastructure-engineering-data-center-facility.md"/>
      <File Path="infrastructure/infrastructure-engineering-data-center-operations.md"/>
      <File Path="infrastructure/infrastructure-engineering-data-center-thermal.md"/>
      <File Path="infrastructure/infrastructure-engineering-devops-automator.md"/>
      <File Path="infrastructure/infrastructure-engineering-edge-computing.md"/>
      <File Path="infrastructure/infrastructure-engineering-enterprise-architect.md"/>
      <File Path="infrastructure/infrastructure-engineering-incident-commander.md"/>
      <File Path="infrastructure/infrastructure-engineering-incident-response-commander.md"/>
      <File Path="infrastructure/infrastructure-engineering-it-service-manager.md"/>
      <File Path="infrastructure/infrastructure-engineering-kubernetes-expert.md"/>
      <File Path="infrastructure/infrastructure-engineering-linux-admin.md"/>
      <File Path="infrastructure/infrastructure-engineering-monitoring-engineer.md"/>
      <File Path="infrastructure/infrastructure-engineering-observability-architect.md"/>
      <File Path="infrastructure/infrastructure-engineering-observability-engineer.md"/>
      <File Path="infrastructure/infrastructure-engineering-platform-engineer.md"/>
      <File Path="infrastructure/infrastructure-engineering-site-reliability-architect.md"/>
      <File Path="infrastructure/infrastructure-engineering-site-reliability-automation.md"/>
      <File Path="infrastructure/infrastructure-engineering-sre-manager.md"/>
      <File Path="infrastructure/infrastructure-engineering-sre.md"/>
      <File Path="infrastructure/infrastructure-epson-printer-expert.md"/>
      <File Path="infrastructure/infrastructure-github-actions-expert.md"/>
      <File Path="infrastructure/infrastructure-graylog-expert.md"/>
      <File Path="infrastructure/infrastructure-h3c-network.md"/>
      <File Path="infrastructure/infrastructure-hikvision-server.md"/>
      <File Path="infrastructure/infrastructure-hikvision-surveillance.md"/>
      <File Path="infrastructure/infrastructure-hp-printer-expert.md"/>
      <File Path="infrastructure/infrastructure-hpe-server.md"/>
      <File Path="infrastructure/infrastructure-huawei-network.md"/>
      <File Path="infrastructure/infrastructure-huawei-xfusion-server.md"/>
      <File Path="infrastructure/infrastructure-identity-access.md"/>
      <File Path="infrastructure/infrastructure-inspur-cisco-network.md"/>
      <File Path="infrastructure/infrastructure-istio-expert.md"/>
      <File Path="infrastructure/infrastructure-it-asset-manager.md"/>
      <File Path="infrastructure/infrastructure-it-director.md"/>
      <File Path="infrastructure/infrastructure-jenkins-expert.md"/>
      <File Path="infrastructure/infrastructure-jumpserver-expert.md"/>
      <File Path="infrastructure/infrastructure-kubernetes-expert.md"/>
      <File Path="infrastructure/infrastructure-linux-systems.md"/>
      <File Path="infrastructure/infrastructure-mainframe-engineer.md"/>
      <File Path="infrastructure/infrastructure-microsoft365.md"/>
      <File Path="infrastructure/infrastructure-monitoring-admin.md"/>
      <File Path="infrastructure/infrastructure-ms-project-expert.md"/>
      <File Path="infrastructure/infrastructure-nagios-expert.md"/>
      <File Path="infrastructure/infrastructure-nginx-expert.md"/>
      <File Path="infrastructure/infrastructure-nutanix.md"/>
      <File Path="infrastructure/infrastructure-office-365-expert.md"/>
      <File Path="infrastructure/infrastructure-opennms-expert.md"/>
      <File Path="infrastructure/infrastructure-oracle-dba.md"/>
      <File Path="infrastructure/infrastructure-powershell.md"/>
      <File Path="infrastructure/infrastructure-printer-maintenance-engineer.md"/>
      <File Path="infrastructure/infrastructure-rabbitmq-expert.md"/>
      <File Path="infrastructure/infrastructure-ruijie-network.md"/>
      <File Path="infrastructure/infrastructure-sangfor-security.md"/>
      <File Path="infrastructure/infrastructure-sap-expert.md"/>
      <File Path="infrastructure/infrastructure-service-desk-manager.md"/>
      <File Path="infrastructure/infrastructure-splunk-expert.md"/>
      <File Path="infrastructure/infrastructure-storage-backup.md"/>
      <File Path="infrastructure/infrastructure-terraform-expert.md"/>
      <File Path="infrastructure/infrastructure-tplink-network.md"/>
      <File Path="infrastructure/infrastructure-vmware.md"/>
      <File Path="infrastructure/infrastructure-windows-desktop.md"/>
      <File Path="infrastructure/infrastructure-windows-server.md"/>
      <File Path="infrastructure/infrastructure-zabbix-expert.md"/>
    </Folder>
    <Folder Name="insurance">
      <File Path="insurance/insurance-auto-claims.md"/>
      <File Path="insurance/insurance-broker.md"/>
      <File Path="insurance/insurance-claims-adjuster.md"/>
      <File Path="insurance/insurance-general-manager.md"/>
      <File Path="insurance/insurance-health-underwriter.md"/>
      <File Path="insurance/insurance-insurtech.md"/>
      <File Path="insurance/insurance-life-actuary.md"/>
      <File Path="insurance/insurance-reinsurance-broker.md"/>
      <File Path="insurance/insurance-reinsurance-specialist.md"/>
      <File Path="insurance/insurance-risk-surveyor.md"/>
      <File Path="insurance/insurance-underwriter.md"/>
    </Folder>
    <Folder Name="iot">
      <File Path="iot/iot-architect.md"/>
      <File Path="iot/iot-data-platform.md"/>
      <File Path="iot/iot-director.md"/>
      <File Path="iot/iot-edge-computing.md"/>
      <File Path="iot/iot-embedded-engineer.md"/>
      <File Path="iot/iot-engineering-asic-fpga.md"/>
      <File Path="iot/iot-engineering-embedded-ai.md"/>
      <File Path="iot/iot-engineering-embedded-firmware-engineer.md"/>
      <File Path="iot/iot-engineering-embedded-linux.md"/>
      <File Path="iot/iot-engineering-industrial-iot-platform.md"/>
      <File Path="iot/iot-engineering-iot-engineer.md"/>
      <File Path="iot/iot-engineering-iot-hardware.md"/>
      <File Path="iot/iot-engineering-mems-sensors.md"/>
      <File Path="iot/iot-engineering-mixed-signal-ic.md"/>
      <File Path="iot/iot-engineering-rfid-systems.md"/>
      <File Path="iot/iot-engineering-smart-home.md"/>
      <File Path="iot/iot-firmware-developer.md"/>
      <File Path="iot/iot-security-specialist.md"/>
      <File Path="iot/iot-sensor-integration.md"/>
    </Folder>
    <Folder Name="legal">
      <File Path="legal/legal-billing-time-tracking.md"/>
      <File Path="legal/legal-client-intake.md"/>
      <File Path="legal/legal-construction-realestate.md"/>
      <File Path="legal/legal-corporate-attorney.md"/>
      <File Path="legal/legal-criminal-defense-attorney.md"/>
      <File Path="legal/legal-cybersecurity-data.md"/>
      <File Path="legal/legal-data-privacy-attorney.md"/>
      <File Path="legal/legal-data-protection-officer.md"/>
      <File Path="legal/legal-document-review.md"/>
      <File Path="legal/legal-engineering-legal-contracts-ai.md"/>
      <File Path="legal/legal-engineering-legal-document-automation.md"/>
      <File Path="legal/legal-engineering-legal-technology.md"/>
      <File Path="legal/legal-engineering-outer-space-law.md"/>
      <File Path="legal/legal-engineering-patent-engineer.md"/>
      <File Path="legal/legal-engineering-trade-compliance.md"/>
      <File Path="legal/legal-environmental-attorney.md"/>
      <File Path="legal/legal-general-counsel.md"/>
      <File Path="legal/legal-immigration-attorney.md"/>
      <File Path="legal/legal-ip-attorney.md"/>
      <File Path="legal/legal-labor-attorney.md"/>
      <File Path="legal/legal-smart-manufacturing.md"/>
      <File Path="legal/legal-tax-attorney.md"/>
    </Folder>
    <Folder Name="libraries">
      <File Path="libraries/libraries-archivist.md"/>
      <File Path="libraries/libraries-digital-librarian.md"/>
    </Folder>
    <Folder Name="localization">
      <File Path="localization/localization-engineer.md"/>
      <File Path="localization/localization-i18n-pm.md"/>
      <File Path="localization/localization-language-translator.md"/>
      <File Path="localization/localization-reviewer.md"/>
    </Folder>
    <Folder Name="logistics">
      <File Path="logistics/logistics-cold-chain-specialist.md"/>
      <File Path="logistics/logistics-courier-express.md"/>
      <File Path="logistics/logistics-cross-border-ecommerce.md"/>
      <File Path="logistics/logistics-customs-broker.md"/>
      <File Path="logistics/logistics-customs-compliance.md"/>
      <File Path="logistics/logistics-engineering-automation-robotics-intralogistics.md"/>
      <File Path="logistics/logistics-engineering-humanitarian-logistics.md"/>
      <File Path="logistics/logistics-engineering-supply-chain-analytics.md"/>
      <File Path="logistics/logistics-engineering-supply-chain-risk.md"/>
      <File Path="logistics/logistics-engineering-supply-chain-software.md"/>
      <File Path="logistics/logistics-export-manager.md"/>
      <File Path="logistics/logistics-freight-forwarder.md"/>
      <File Path="logistics/logistics-general-manager.md"/>
      <File Path="logistics/logistics-inventory-planner.md"/>
      <File Path="logistics/logistics-last-mile-delivery.md"/>
      <File Path="logistics/logistics-supply-chain-strategist.md"/>
      <File Path="logistics/logistics-trade-operations.md"/>
      <File Path="logistics/logistics-transportation-planner.md"/>
      <File Path="logistics/logistics-warehouse-manager.md"/>
    </Folder>
    <Folder Name="lottery">
      <File Path="lottery/lottery-customer-service.md"/>
      <File Path="lottery/lottery-data-analyst.md"/>
      <File Path="lottery/lottery-game-designer.md"/>
      <File Path="lottery/lottery-marketing.md"/>
      <File Path="lottery/lottery-operations.md"/>
      <File Path="lottery/lottery-product-designer.md"/>
      <File Path="lottery/lottery-product-risk.md"/>
      <File Path="lottery/lottery-retail-network.md"/>
      <File Path="lottery/lottery-risk-compliance.md"/>
      <File Path="lottery/lottery-risk-manager.md"/>
    </Folder>
    <Folder Name="manufacturing">
      <File Path="manufacturing/manufacturing-engineering-3d-printing-additive.md"/>
      <File Path="manufacturing/manufacturing-engineering-additive-manufacturing-metal.md"/>
      <File Path="manufacturing/manufacturing-engineering-automation-systems.md"/>
      <File Path="manufacturing/manufacturing-engineering-composites-manufacturing.md"/>
      <File Path="manufacturing/manufacturing-engineering-control-systems.md"/>
      <File Path="manufacturing/manufacturing-engineering-corrosion-engineering.md"/>
      <File Path="manufacturing/manufacturing-engineering-cyber-physical.md"/>
      <File Path="manufacturing/manufacturing-engineering-digital-twins-manufacturing.md"/>
      <File Path="manufacturing/manufacturing-engineering-digital-twins-platform.md"/>
      <File Path="manufacturing/manufacturing-engineering-electronics-manufacturing.md"/>
      <File Path="manufacturing/manufacturing-engineering-glass-ceramics.md"/>
      <File Path="manufacturing/manufacturing-engineering-ic-packaging.md"/>
      <File Path="manufacturing/manufacturing-engineering-laser-processing.md"/>
      <File Path="manufacturing/manufacturing-engineering-material-scientist.md"/>
      <File Path="manufacturing/manufacturing-engineering-mineral-processing.md"/>
      <File Path="manufacturing/manufacturing-engineering-optical-lithography.md"/>
      <File Path="manufacturing/manufacturing-engineering-optical-metrology.md"/>
      <File Path="manufacturing/manufacturing-engineering-pcb-designer.md"/>
      <File Path="manufacturing/manufacturing-engineering-photonics-engineer.md"/>
      <File Path="manufacturing/manufacturing-engineering-photonics-integrated.md"/>
      <File Path="manufacturing/manufacturing-engineering-plasma-technology.md"/>
      <File Path="manufacturing/manufacturing-engineering-polymer-science.md"/>
      <File Path="manufacturing/manufacturing-engineering-process-automation.md"/>
      <File Path="manufacturing/manufacturing-engineering-semiconductor-process.md"/>
      <File Path="manufacturing/manufacturing-engineering-simulation-engineer.md"/>
      <File Path="manufacturing/manufacturing-engineering-sports-engineering.md"/>
      <File Path="manufacturing/manufacturing-engineering-surface-engineering.md"/>
      <File Path="manufacturing/manufacturing-engineering-test-chip-bringup.md"/>
      <File Path="manufacturing/manufacturing-engineering-textile-engineering.md"/>
      <File Path="manufacturing/manufacturing-engineering-thermal-spray.md"/>
      <File Path="manufacturing/manufacturing-engineering-tooling-design.md"/>
      <File Path="manufacturing/manufacturing-engineering-tribology-engineer.md"/>
      <File Path="manufacturing/manufacturing-engineering-vibration-analysis.md"/>
      <File Path="manufacturing/manufacturing-engineering-vibration-testing.md"/>
      <File Path="manufacturing/manufacturing-engineering-welding-metallurgy.md"/>
      <File Path="manufacturing/manufacturing-industrial-engineer.md"/>
      <File Path="manufacturing/manufacturing-lean-six-sigma.md"/>
      <File Path="manufacturing/manufacturing-plant-manager.md"/>
      <File Path="manufacturing/manufacturing-process-engineer.md"/>
      <File Path="manufacturing/manufacturing-production-planner.md"/>
      <File Path="manufacturing/manufacturing-quality-manager.md"/>
      <File Path="manufacturing/manufacturing-supply-chain-planner.md"/>
      <File Path="manufacturing/manufacturing-tpm-reliability.md"/>
    </Folder>
    <Folder Name="marketing">
      <File Path="marketing/marketing-abm-account-based.md"/>
      <File Path="marketing/marketing-ad-strategist.md"/>
      <File Path="marketing/marketing-aeo-foundations.md"/>
      <File Path="marketing/marketing-affiliate-manager.md"/>
      <File Path="marketing/marketing-africa-market-expert.md"/>
      <File Path="marketing/marketing-agentic-search-optimizer.md"/>
      <File Path="marketing/marketing-ai-citation-strategist.md"/>
      <File Path="marketing/marketing-analytics.md"/>
      <File Path="marketing/marketing-app-store-optimizer.md"/>
      <File Path="marketing/marketing-asa-specialist.md"/>
      <File Path="marketing/marketing-automation.md"/>
      <File Path="marketing/marketing-baidu-seo-specialist.md"/>
      <File Path="marketing/marketing-bilibili-content-strategist.md"/>
      <File Path="marketing/marketing-book-co-author.md"/>
      <File Path="marketing/marketing-brand-strategist-name.md"/>
      <File Path="marketing/marketing-brand-strategist.md"/>
      <File Path="marketing/marketing-carousel-growth-engine.md"/>
      <File Path="marketing/marketing-china-ecommerce-operator.md"/>
      <File Path="marketing/marketing-china-market-localization-strategist.md"/>
      <File Path="marketing/marketing-community-manager.md"/>
      <File Path="marketing/marketing-content-creator.md"/>
      <File Path="marketing/marketing-content-strategist.md"/>
      <File Path="marketing/marketing-conversion-copywriter.md"/>
      <File Path="marketing/marketing-creative-director.md"/>
      <File Path="marketing/marketing-crm-community-expert.md"/>
      <File Path="marketing/marketing-cro.md"/>
      <File Path="marketing/marketing-cross-border-ecommerce.md"/>
      <File Path="marketing/marketing-customer-advocacy.md"/>
      <File Path="marketing/marketing-customer-data-platform.md"/>
      <File Path="marketing/marketing-customer-lifecycle.md"/>
      <File Path="marketing/marketing-demand-generation.md"/>
      <File Path="marketing/marketing-director.md"/>
      <File Path="marketing/marketing-douyin-strategist.md"/>
      <File Path="marketing/marketing-email-marketing.md"/>
      <File Path="marketing/marketing-email-strategist.md"/>
      <File Path="marketing/marketing-engineering-community-manager.md"/>
      <File Path="marketing/marketing-engineering-seo-technical.md"/>
      <File Path="marketing/marketing-europe-market.md"/>
      <File Path="marketing/marketing-feed-ad-optimizer.md"/>
      <File Path="marketing/marketing-field-marketing.md"/>
      <File Path="marketing/marketing-french-market-consultant.md"/>
      <File Path="marketing/marketing-global-podcast-strategist.md"/>
      <File Path="marketing/marketing-global-ua-manager.md"/>
      <File Path="marketing/marketing-growth-hacker.md"/>
      <File Path="marketing/marketing-inbound-strategist.md"/>
      <File Path="marketing/marketing-india-market.md"/>
      <File Path="marketing/marketing-influencer-kol.md"/>
      <File Path="marketing/marketing-instagram-curator.md"/>
      <File Path="marketing/marketing-japan-market-expert.md"/>
      <File Path="marketing/marketing-korean-business-navigator.md"/>
      <File Path="marketing/marketing-kuaishou-strategist.md"/>
      <File Path="marketing/marketing-linkedin-content-creator.md"/>
      <File Path="marketing/marketing-livestream-commerce-coach.md"/>
      <File Path="marketing/marketing-market-research.md"/>
      <File Path="marketing/marketing-multi-platform-publisher.md"/>
      <File Path="marketing/marketing-paid-media-auditor.md"/>
      <File Path="marketing/marketing-paid-media-creative-strategist.md"/>
      <File Path="marketing/marketing-paid-media-paid-social-strategist.md"/>
      <File Path="marketing/marketing-paid-media-ppc-strategist.md"/>
      <File Path="marketing/marketing-paid-media-programmatic-buyer.md"/>
      <File Path="marketing/marketing-paid-media-search-query-analyst.md"/>
      <File Path="marketing/marketing-paid-media-tracking-specialist.md"/>
      <File Path="marketing/marketing-performance-analyst.md"/>
      <File Path="marketing/marketing-podcast-strategist.md"/>
      <File Path="marketing/marketing-pr-communications-manager.md"/>
      <File Path="marketing/marketing-pr-expert.md"/>
      <File Path="marketing/marketing-private-domain-operator.md"/>
      <File Path="marketing/marketing-reddit-community-builder.md"/>
      <File Path="marketing/marketing-retail-media-ad.md"/>
      <File Path="marketing/marketing-sales-enablement.md"/>
      <File Path="marketing/marketing-sem-baidu-specialist.md"/>
      <File Path="marketing/marketing-seo-specialist.md"/>
      <File Path="marketing/marketing-short-video-editing-coach.md"/>
      <File Path="marketing/marketing-sms-push-notifications.md"/>
      <File Path="marketing/marketing-social-media-strategist.md"/>
      <File Path="marketing/marketing-southeast-asia-expert.md"/>
      <File Path="marketing/marketing-tiktok-strategist.md"/>
      <File Path="marketing/marketing-twitter-engager.md"/>
      <File Path="marketing/marketing-video-optimization-specialist.md"/>
      <File Path="marketing/marketing-wechat-official-account.md"/>
      <File Path="marketing/marketing-weibo-strategist.md"/>
      <File Path="marketing/marketing-x-twitter-intelligence-analyst.md"/>
      <File Path="marketing/marketing-xiaohongshu-specialist.md"/>
      <File Path="marketing/marketing-zhihu-strategist.md"/>
    </Folder>
    <Folder Name="mining">
      <File Path="mining/mining-engineer.md"/>
      <File Path="mining/mining-exploration.md"/>
      <File Path="mining/mining-metallurgist.md"/>
      <File Path="mining/mining-safety.md"/>
    </Folder>
    <Folder Name="museums">
      <File Path="museums/museums-conservator.md"/>
      <File Path="museums/museums-curator.md"/>
    </Folder>
    <Folder Name="media-entertainment">
      <File Path="media-entertainment/media-entertainment-3ds-max-expert.md"/>
      <File Path="media-entertainment/media-entertainment-acrobat-expert.md"/>
      <File Path="media-entertainment/media-entertainment-after-effects-expert.md"/>
      <File Path="media-entertainment/media-entertainment-autocad-expert.md"/>
      <File Path="media-entertainment/media-entertainment-creative-3d-modeler.md"/>
      <File Path="media-entertainment/media-entertainment-creative-animator-vfx.md"/>
      <File Path="media-entertainment/media-entertainment-creative-music-producer.md"/>
      <File Path="media-entertainment/media-entertainment-creative-photographer.md"/>
      <File Path="media-entertainment/media-entertainment-creative-sound-designer.md"/>
      <File Path="media-entertainment/media-entertainment-creative-videographer.md"/>
      <File Path="media-entertainment/media-entertainment-engineering-audio-dsp-signal.md"/>
      <File Path="media-entertainment/media-entertainment-engineering-audio-engineer.md"/>
      <File Path="media-entertainment/media-entertainment-engineering-entertainment-technology.md"/>
      <File Path="media-entertainment/media-entertainment-engineering-music-technology.md"/>
      <File Path="media-entertainment/media-entertainment-engineering-video-streaming.md"/>
      <File Path="media-entertainment/media-entertainment-fusion-expert.md"/>
      <File Path="media-entertainment/media-entertainment-illustrator-expert.md"/>
      <File Path="media-entertainment/media-entertainment-indesign-expert.md"/>
      <File Path="media-entertainment/media-entertainment-lightroom-expert.md"/>
      <File Path="media-entertainment/media-entertainment-maya-expert.md"/>
      <File Path="media-entertainment/media-entertainment-media-director.md"/>
      <File Path="media-entertainment/media-entertainment-photoshop-expert.md"/>
      <File Path="media-entertainment/media-entertainment-premiere-pro-expert.md"/>
      <File Path="media-entertainment/media-entertainment-revit-expert.md"/>
    </Folder>
    <Folder Name="network-engineering">
      <File Path="network-engineering/network-engineering-architect.md"/>
      <File Path="network-engineering/network-engineering-automation.md"/>
      <File Path="network-engineering/network-engineering-cloud.md"/>
      <File Path="network-engineering/network-engineering-director.md"/>
      <File Path="network-engineering/network-engineering-engineering-architect-networks.md"/>
      <File Path="network-engineering/network-engineering-engineering-network-protocol.md"/>
      <File Path="network-engineering/network-engineering-engineering-optical-fiber-sensing.md"/>
      <File Path="network-engineering/network-engineering-engineering-optical-network-design.md"/>
      <File Path="network-engineering/network-engineering-operations.md"/>
      <File Path="network-engineering/network-engineering-satellite.md"/>
      <File Path="network-engineering/network-engineering-voip-uc.md"/>
      <File Path="network-engineering/network-engineering-wireless.md"/>
    </Folder>
    <Folder Name="nonprofit">
      <File Path="nonprofit/nonprofit-fundraiser.md"/>
      <File Path="nonprofit/nonprofit-grant-writer.md"/>
      <File Path="nonprofit/nonprofit-program-director.md"/>
      <File Path="nonprofit/nonprofit-volunteer-coordinator.md"/>
    </Folder>
    <Folder Name="operations">
      <File Path="operations/operations-analytics-reporter.md"/>
      <File Path="operations/operations-automation-governance-architect.md"/>
      <File Path="operations/operations-bcp-disaster-recovery.md"/>
      <File Path="operations/operations-change-management.md"/>
      <File Path="operations/operations-director.md"/>
      <File Path="operations/operations-executive-summary-generator.md"/>
      <File Path="operations/operations-finance-tracker.md"/>
      <File Path="operations/operations-infrastructure-maintainer.md"/>
      <File Path="operations/operations-legal-compliance-checker.md"/>
      <File Path="operations/operations-procurement-director.md"/>
      <File Path="operations/operations-report-distribution-agent.md"/>
    </Folder>
    <Folder Name="pets">
      <File Path="pets/pets-behaviorist.md"/>
      <File Path="pets/pets-grooming-business.md"/>
      <File Path="pets/pets-nutritionist.md"/>
    </Folder>
    <Folder Name="pharma-biotech">
      <File Path="pharma-biotech/pharma-biotech-biostatistics.md"/>
      <File Path="pharma-biotech/pharma-biotech-biotech-process-engineer.md"/>
      <File Path="pharma-biotech/pharma-biotech-director.md"/>
      <File Path="pharma-biotech/pharma-biotech-pharma-clinical-trials.md"/>
      <File Path="pharma-biotech/pharma-biotech-pharma-drug-discovery.md"/>
      <File Path="pharma-biotech/pharma-biotech-pharma-formulation-scientist.md"/>
      <File Path="pharma-biotech/pharma-biotech-pharma-quality-assurance.md"/>
      <File Path="pharma-biotech/pharma-biotech-pharma-regulatory-affairs.md"/>
    </Folder>
    <Folder Name="product">
      <File Path="product/product-ai-pm.md"/>
      <File Path="product/product-analyst.md"/>
      <File Path="product/product-b2b-manager.md"/>
      <File Path="product/product-behavioral-nudge-engine.md"/>
      <File Path="product/product-feedback-synthesizer.md"/>
      <File Path="product/product-growth-manager.md"/>
      <File Path="product/product-manager.md"/>
      <File Path="product/product-operations-manager.md"/>
      <File Path="product/product-sprint-prioritizer.md"/>
      <File Path="product/product-technical-manager.md"/>
      <File Path="product/product-trend-researcher.md"/>
    </Folder>
    <Folder Name="project-management">
      <File Path="project-management/project-management-agents-orchestrator.md"/>
      <File Path="project-management/project-management-agile-coach.md"/>
      <File Path="project-management/project-management-bid-engineer.md"/>
      <File Path="project-management/project-management-consulting-manager.md"/>
      <File Path="project-management/project-management-controls.md"/>
      <File Path="project-management/project-management-engineering-technical-program-manager.md"/>
      <File Path="project-management/project-management-event-manager.md"/>
      <File Path="project-management/project-management-experiment-tracker.md"/>
      <File Path="project-management/project-management-film-producer.md"/>
      <File Path="project-management/project-management-government-grant.md"/>
      <File Path="project-management/project-management-jira-workflow-steward.md"/>
      <File Path="project-management/project-management-manager.md"/>
      <File Path="project-management/project-management-meeting-notes-specialist.md"/>
      <File Path="project-management/project-management-pmo-director.md"/>
      <File Path="project-management/project-management-pmp.md"/>
      <File Path="project-management/project-management-portfolio.md"/>
      <File Path="project-management/project-management-project-manager-senior.md"/>
      <File Path="project-management/project-management-project-shepherd.md"/>
      <File Path="project-management/project-management-rd-manager.md"/>
      <File Path="project-management/project-management-scrum-master.md"/>
      <File Path="project-management/project-management-site-engineer.md"/>
      <File Path="project-management/project-management-studio-operations.md"/>
      <File Path="project-management/project-management-studio-producer.md"/>
    </Folder>
    <Folder Name="publishing">
      <File Path="publishing/publishing-academic.md"/>
      <File Path="publishing/publishing-digital.md"/>
      <File Path="publishing/publishing-editor.md"/>
      <File Path="publishing/publishing-literary-agent.md"/>
    </Folder>
    <Folder Name="quality">
      <File Path="quality/quality-customer-cqe.md"/>
      <File Path="quality/quality-food-safety.md"/>
      <File Path="quality/quality-healthcare-clinical.md"/>
      <File Path="quality/quality-lab-17025.md"/>
      <File Path="quality/quality-process-pqe.md"/>
      <File Path="quality/quality-qms-engineer.md"/>
      <File Path="quality/quality-service-callcenter.md"/>
      <File Path="quality/quality-software-sqa.md"/>
      <File Path="quality/quality-supplier-sqe.md"/>
    </Folder>
    <Folder Name="real-estate">
      <File Path="real-estate/real-estate-appraiser.md"/>
      <File Path="real-estate/real-estate-buyer-seller.md"/>
      <File Path="real-estate/real-estate-commercial-broker.md"/>
      <File Path="real-estate/real-estate-developer.md"/>
      <File Path="real-estate/real-estate-development-manager.md"/>
      <File Path="real-estate/real-estate-facility-manager.md"/>
      <File Path="real-estate/real-estate-investment-analyst.md"/>
      <File Path="real-estate/real-estate-property-manager.md"/>
      <File Path="real-estate/real-estate-property-valuator.md"/>
      <File Path="real-estate/real-estate-reit-analyst.md"/>
    </Folder>
    <Folder Name="retail">
      <File Path="retail/retail-category-manager.md"/>
      <File Path="retail/retail-customer-insight-analyst.md"/>
      <File Path="retail/retail-data-analyst.md"/>
      <File Path="retail/retail-ecommerce-strategist.md"/>
      <File Path="retail/retail-fmcg-manager.md"/>
      <File Path="retail/retail-loss-prevention.md"/>
      <File Path="retail/retail-omnichannel-manager.md"/>
      <File Path="retail/retail-omnichannel.md"/>
      <File Path="retail/retail-store-ops.md"/>
      <File Path="retail/retail-supply-chain-analyst.md"/>
      <File Path="retail/retail-technology.md"/>
      <File Path="retail/retail-visual-merchandiser.md"/>
    </Folder>
    <Folder Name="robotics">
      <File Path="robotics/robotics-automation-engineer.md"/>
      <File Path="robotics/robotics-control-systems.md"/>
      <File Path="robotics/robotics-director.md"/>
      <File Path="robotics/robotics-engineering-exoskeleton-robotics.md"/>
      <File Path="robotics/robotics-engineering-haptics-engineer.md"/>
      <File Path="robotics/robotics-engineering-industrial-robotics.md"/>
      <File Path="robotics/robotics-engineering-mechatronics.md"/>
      <File Path="robotics/robotics-engineering-robotic-perception-systems.md"/>
      <File Path="robotics/robotics-engineering-robotics-control-systems.md"/>
      <File Path="robotics/robotics-engineering-robotics-manipulation.md"/>
      <File Path="robotics/robotics-industrial-automation.md"/>
      <File Path="robotics/robotics-integration-engineer.md"/>
      <File Path="robotics/robotics-motion-control.md"/>
      <File Path="robotics/robotics-perception-engineer.md"/>
      <File Path="robotics/robotics-ros-developer.md"/>
    </Folder>
    <Folder Name="sales">
      <File Path="sales/sales-account-strategist.md"/>
      <File Path="sales/sales-coach.md"/>
      <File Path="sales/sales-customer-onboarding.md"/>
      <File Path="sales/sales-data-extraction-agent.md"/>
      <File Path="sales/sales-deal-strategist.md"/>
      <File Path="sales/sales-director.md"/>
      <File Path="sales/sales-discovery-coach.md"/>
      <File Path="sales/sales-engineer.md"/>
      <File Path="sales/sales-offer-lead-gen-strategist.md"/>
      <File Path="sales/sales-outbound-strategist.md"/>
      <File Path="sales/sales-outreach.md"/>
      <File Path="sales/sales-pipeline-analyst.md"/>
      <File Path="sales/sales-proposal-strategist.md"/>
      <File Path="sales/sales-revenue-operations.md"/>
      <File Path="sales/sales-sdr-manager.md"/>
    </Folder>
    <Folder Name="securities">
      <File Path="securities/securities-compliance-officer.md"/>
      <File Path="securities/securities-derivatives-trader.md"/>
      <File Path="securities/securities-equity-analyst.md"/>
      <File Path="securities/securities-family-office.md"/>
      <File Path="securities/securities-fixed-income.md"/>
      <File Path="securities/securities-fund-manager.md"/>
      <File Path="securities/securities-macro-strategist.md"/>
      <File Path="securities/securities-portfolio-manager.md"/>
      <File Path="securities/securities-quant-researcher.md"/>
      <File Path="securities/securities-technical-analyst.md"/>
      <File Path="securities/securities-trader.md"/>
    </Folder>
    <Folder Name="security">
      <File Path="security/security-appsec-engineer.md"/>
      <File Path="security/security-cloud-security-architect.md"/>
      <File Path="security/security-incident-responder.md"/>
      <File Path="security/security-penetration-tester.md"/>
      <File Path="security/security-senior-secops.md"/>
      <File Path="security/security-threat-intelligence-analyst.md"/>
    </Folder>
    <Folder Name="spatial-computing">
      <File Path="spatial-computing/spatial-computing-3d-asset-artist.md"/>
      <File Path="spatial-computing/spatial-computing-ar-filter-creator.md"/>
      <File Path="spatial-computing/spatial-computing-director.md"/>
      <File Path="spatial-computing/spatial-computing-engineering-metaverse-experience.md"/>
      <File Path="spatial-computing/spatial-computing-engineering-spatial-computing-engineer.md"/>
      <File Path="spatial-computing/spatial-computing-engineering-technical-architect-ar.md"/>
      <File Path="spatial-computing/spatial-computing-engineering-virtual-reality.md"/>
      <File Path="spatial-computing/spatial-computing-engineering-wearable-tech.md"/>
      <File Path="spatial-computing/spatial-computing-macos-spatial-metal-engineer.md"/>
      <File Path="spatial-computing/spatial-computing-terminal-integration-specialist.md"/>
      <File Path="spatial-computing/spatial-computing-ux-designer.md"/>
      <File Path="spatial-computing/spatial-computing-visionos-spatial-engineer.md"/>
      <File Path="spatial-computing/spatial-computing-xr-cockpit-interaction-specialist.md"/>
      <File Path="spatial-computing/spatial-computing-xr-immersive-developer.md"/>
      <File Path="spatial-computing/spatial-computing-xr-interface-architect.md"/>
    </Folder>
    <Folder Name="specialized">
      <File Path="specialized/specialized-agentic-identity-trust.md"/>
      <File Path="specialized/specialized-business-strategist.md"/>
      <File Path="specialized/specialized-change-management-consultant.md"/>
      <File Path="specialized/specialized-chief-financial-officer.md"/>
      <File Path="specialized/specialized-chief-of-staff.md"/>
      <File Path="specialized/specialized-customer-success-manager.md"/>
      <File Path="specialized/specialized-data-privacy-officer.md"/>
      <File Path="specialized/specialized-document-generator.md"/>
      <File Path="specialized/specialized-esg-sustainability-officer.md"/>
      <File Path="specialized/specialized-grant-writer.md"/>
      <File Path="specialized/specialized-identity-graph-operator.md"/>
      <File Path="specialized/specialized-ma-integration-manager.md"/>
      <File Path="specialized/specialized-medical-billing-coding-specialist.md"/>
      <File Path="specialized/specialized-operations-manager.md"/>
      <File Path="specialized/specialized-organizational-psychologist.md"/>
      <File Path="specialized/specialized-personal-growth-mentor.md"/>
      <File Path="specialized/specialized-pricing-analyst.md"/>
      <File Path="specialized/specialized-strategy-duel-agent.md"/>
      <File Path="specialized/specialized-workflow-architect.md"/>
      <File Path="specialized/specialized-zk-steward.md"/>
    </Folder>
    <Folder Name="sports">
      <File Path="sports/sports-agent.md"/>
      <File Path="sports/sports-coach.md"/>
      <File Path="sports/sports-event-ops.md"/>
      <File Path="sports/sports-marketing.md"/>
    </Folder>
    <Folder Name="telecom">
      <File Path="telecom/telecom-5g-core.md"/>
      <File Path="telecom/telecom-data-analyst.md"/>
      <File Path="telecom/telecom-director.md"/>
      <File Path="telecom/telecom-engineering-antenna-rf.md"/>
      <File Path="telecom/telecom-engineering-electromagnetic-compatibility.md"/>
      <File Path="telecom/telecom-engineering-maritime-navigation.md"/>
      <File Path="telecom/telecom-engineering-radar-systems.md"/>
      <File Path="telecom/telecom-engineering-signal-integrity.md"/>
      <File Path="telecom/telecom-network-engineer.md"/>
      <File Path="telecom/telecom-ops-manager.md"/>
      <File Path="telecom/telecom-optical-engineer.md"/>
      <File Path="telecom/telecom-product-manager.md"/>
    </Folder>
    <Folder Name="testing">
      <File Path="testing/testing-accessibility-auditor.md"/>
      <File Path="testing/testing-api-tester.md"/>
      <File Path="testing/testing-automation-architect.md"/>
      <File Path="testing/testing-director.md"/>
      <File Path="testing/testing-engineering-quality-assurance-automation.md"/>
      <File Path="testing/testing-engineering-reliability-testing.md"/>
      <File Path="testing/testing-engineering-sdet.md"/>
      <File Path="testing/testing-engineering-software-tester.md"/>
      <File Path="testing/testing-engineering-test-automation-framework.md"/>
      <File Path="testing/testing-evidence-collector.md"/>
      <File Path="testing/testing-localization.md"/>
      <File Path="testing/testing-mobile.md"/>
      <File Path="testing/testing-performance-benchmarker.md"/>
      <File Path="testing/testing-playwright-expert.md"/>
      <File Path="testing/testing-reality-checker.md"/>
      <File Path="testing/testing-security-penetration.md"/>
      <File Path="testing/testing-test-results-analyzer.md"/>
      <File Path="testing/testing-tool-evaluator.md"/>
      <File Path="testing/testing-usability.md"/>
      <File Path="testing/testing-workflow-optimizer.md"/>
    </Folder>
    <Folder Name="tourism">
      <File Path="tourism/tourism-cruise.md"/>
      <File Path="tourism/tourism-cultural-heritage.md"/>
      <File Path="tourism/tourism-destination-marketing.md"/>
      <File Path="tourism/tourism-event-planner.md"/>
      <File Path="tourism/tourism-hotel-gm.md"/>
      <File Path="tourism/tourism-hotel-operations.md"/>
      <File Path="tourism/tourism-mice-planner.md"/>
      <File Path="tourism/tourism-revenue-manager.md"/>
      <File Path="tourism/tourism-sustainable.md"/>
      <File Path="tourism/tourism-travel-agency.md"/>
      <File Path="tourism/tourism-travel-agent.md"/>
      <File Path="tourism/tourism-travel-experience-designer.md"/>
    </Folder>
    <Folder Name="web3">
      <File Path="web3/web3-blockchain-architect.md"/>
      <File Path="web3/web3-crypto-researcher.md"/>
      <File Path="web3/web3-defi-analyst.md"/>
      <File Path="web3/web3-defi-strategist.md"/>
      <File Path="web3/web3-director.md"/>
      <File Path="web3/web3-engineering-blockchain-architect.md"/>
      <File Path="web3/web3-engineering-blockchain-developer.md"/>
      <File Path="web3/web3-engineering-smart-contract-security.md"/>
      <File Path="web3/web3-engineering-solidity-smart-contract-engineer.md"/>
      <File Path="web3/web3-engineering-web3-frontend.md"/>
      <File Path="web3/web3-frontend-developer.md"/>
      <File Path="web3/web3-smart-contract-dev.md"/>
      <File Path="web3/web3-smart-contract-developer.md"/>
    </Folder>
  </Folder>
  <Folder Name="Docs">
    <Folder Name="examples">
      <File Path="examples/README.md"/>
      <File Path="examples/agent-creation-walkthrough.md"/>
      <File Path="examples/multi-agent-code-review.md"/>
      <File Path="examples/nexus-spatial-discovery.md"/>
      <File Path="examples/workflow-book-chapter.md"/>
      <File Path="examples/workflow-landing-page.md"/>
      <File Path="examples/workflow-startup-mvp.md"/>
      <File Path="examples/workflow-with-memory.md"/>
    </Folder>
    <Folder Name="integrations">
      <File Path="integrations/README.md"/>
    </Folder>
    <Folder Name="aider">
      <File Path="integrations/aider/README.md"/>
    </Folder>
    <Folder Name="antigravity">
      <File Path="integrations/antigravity/README.md"/>
    </Folder>
    <Folder Name="claude-code">
      <File Path="integrations/claude-code/README.md"/>
    </Folder>
    <Folder Name="cursor">
      <File Path="integrations/cursor/README.md"/>
    </Folder>
    <Folder Name="gemini-cli">
      <File Path="integrations/gemini-cli/README.md"/>
    </Folder>
    <Folder Name="github-copilot">
      <File Path="integrations/github-copilot/README.md"/>
    </Folder>
    <Folder Name="kimi">
      <File Path="integrations/kimi/README.md"/>
      <File Path="integrations/kimi/system.md"/>
    </Folder>
    <Folder Name="mcp-memory">
      <File Path="integrations/mcp-memory/README.md"/>
      <File Path="integrations/mcp-memory/backend-architect-with-memory.md"/>
    </Folder>
    <Folder Name="openclaw">
      <File Path="integrations/openclaw/AGENTS.md"/>
      <File Path="integrations/openclaw/IDENTITY.md"/>
      <File Path="integrations/openclaw/README.md"/>
      <File Path="integrations/openclaw/SOUL.md"/>
    </Folder>
    <Folder Name="opencode">
      <File Path="integrations/opencode/README.md"/>
    </Folder>
    <Folder Name="qwen">
      <File Path="integrations/qwen/README.md"/>
    </Folder>
    <Folder Name="windsurf">
      <File Path="integrations/windsurf/README.md"/>
    </Folder>
    <Folder Name="schemas">
      <File Path="schemas/agent-frontmatter.schema.json"/>
      <File Path="schemas/agent-index.schema.json"/>
      <File Path="schemas/divisions.schema.json"/>
      <File Path="schemas/tools.schema.json"/>
    </Folder>
    <Folder Name="i18n">
      <File Path="scripts/i18n/README.md"/>
      <File Path="scripts/i18n/agent-names-zh.json"/>
    </Folder>
    <Folder Name="docs">
      <File Path="docs/CONTRIBUTING-I18N.md"/>
      <File Path="docs/DEVELOPMENT.md"/>
      <File Path="docs/EXECUTIVE-BRIEF.md"/>
      <File Path="docs/GUIDED-TOUR.md"/>
      <File Path="docs/QUICKSTART.md"/>
      <File Path="docs/SCRIPT-ARCHITECTURE.md"/>
      <File Path="docs/TROUBLESHOOTING.md"/>
      <File Path="docs/nexus-cycle.md"/>
      <File Path="docs/nexus-strategy.md"/>
    </Folder>
    <Folder Name="coordination">
      <File Path="docs/coordination/adr-template.md"/>
      <File Path="docs/coordination/agent-activation-prompts.md"/>
      <File Path="docs/coordination/context-priming.md"/>
      <File Path="docs/coordination/cross-cutting-concerns.md"/>
      <File Path="docs/coordination/definition-of-done.md"/>
      <File Path="docs/coordination/document-index.md"/>
      <File Path="docs/coordination/handoff-templates.md"/>
      <File Path="docs/coordination/pipeline-health-metrics.md"/>
    </Folder>
    <Folder Name="playbooks">
      <File Path="docs/playbooks/phase-0-discovery.md"/>
      <File Path="docs/playbooks/phase-1-strategy.md"/>
      <File Path="docs/playbooks/phase-2-foundation.md"/>
      <File Path="docs/playbooks/phase-3-build.md"/>
      <File Path="docs/playbooks/phase-4-hardening.md"/>
      <File Path="docs/playbooks/phase-5-launch.md"/>
      <File Path="docs/playbooks/phase-6-operate.md"/>
    </Folder>
    <Folder Name="runbooks">
      <File Path="docs/runbooks/scenario-enterprise-feature.md"/>
      <File Path="docs/runbooks/scenario-incident-response.md"/>
      <File Path="docs/runbooks/scenario-marketing-campaign.md"/>
      <File Path="docs/runbooks/scenario-rollback-recovery.md"/>
      <File Path="docs/runbooks/scenario-startup-mvp.md"/>
    </Folder>
    <Folder Name="teams">
      <File Path="docs/teams/README.md"/>
      <File Path="docs/teams/agile-dev-team.md"/>
      <File Path="docs/teams/ai-product-team.md"/>
      <File Path="docs/teams/compliance-audit-team.md"/>
      <File Path="docs/teams/content-marketing-team.md"/>
      <File Path="docs/teams/data-platform-team.md"/>
      <File Path="docs/teams/ecommerce-launch-team.md"/>
      <File Path="docs/teams/ipo-preparation-team.md"/>
      <File Path="docs/teams/mobile-app-team.md"/>
      <File Path="docs/teams/security-incident-team.md"/>
      <File Path="docs/teams/smart-factory-team.md"/>
    </Folder>
  </Folder>
</Solution>
